
Microsoft Visual Studio Solution File, Format Version 12.00
# Visual Studio Version 16
VisualStudioVersion = 16.0.31129.286
MinimumVisualStudioVersion = 10.0.40219.1
Project("{FAE04EC0-301F-11D3-BF4B-00C04F79EFBC}") = "CustomerDetApi", "CustomerDetApi\CustomerDetApi.csproj", "{48F97908-8E28-4BB7-9648-5F008F52E4C9}"
EndProject
Global
	GlobalSection(SolutionConfigurationPlatforms) = preSolution
		Debug|Any CPU = Debug|Any CPU
		Release|Any CPU = Release|Any CPU
	EndGlobalSection
	GlobalSection(ProjectConfigurationPlatforms) = postSolution
		{48F97908-8E28-4BB7-9648-5F008F52E4C9}.Debug|Any CPU.ActiveCfg = Debug|Any CPU
		{48F97908-8E28-4BB7-9648-5F008F52E4C9}.Debug|Any CPU.Build.0 = Debug|Any CPU
		{48F97908-8E28-4BB7-9648-5F008F52E4C9}.Release|Any CPU.ActiveCfg = Release|Any CPU
		{48F97908-8E28-4BB7-9648-5F008F52E4C9}.Release|Any CPU.Build.0 = Release|Any CPU
	EndGlobalSection
	GlobalSection(SolutionProperties) = preSolution
		HideSolutionNode = FALSE
	EndGlobalSection
	GlobalSection(ExtensibilityGlobals) = postSolution
		SolutionGuid = {8A5FA867-BBF9-4CD2-AAB0-64E57FF29C52}
	EndGlobalSection
EndGlobal
